// !$*UTF8*$!
{
	archiveVersion = 1;
	classes = {
	};
	objectVersion = 77;
	objects = {

/* Begin PBXBuildFile section */
		39464B5F2F43317700466D8B /* Carbon.framework in Frameworks */ = {isa = PBXBuildFile; fileRef = 39464B5E2F43317700466D8B /* Carbon.framework */; };
		395849CF2F471FFA005CC60C /* Accelerate.framework in Frameworks */ = {isa = PBXBuildFile; fileRef = 9B8470752F0DECB4001E143F /* Accelerate.framework */; };
		39738CFB2F10BFB6004D50EF /* xrdp-keygen in CopyFiles */ = {isa = PBXBuildFile; fileRef = 39738CFA2F10BFAC004D50EF /* xrdp-keygen */; settings = {ATTRIBUTES = (CodeSignOnCopy, ); }; };
		9B4A9EA52ED5968900260492 /* libScreenMirrorLib.a in Frameworks */ = {isa = PBXBuildFile; fileRef = 9B4A9EA42ED5968900260492 /* libScreenMirrorLib.a */; };
		9B6302022F0D01BE00451117 /* ServiceManagement.framework in Frameworks */ = {isa = PBXBuildFile; fileRef = 9B6302012F0D01BE00451117 /* ServiceManagement.framework */; };
		A1B2C3D42F5A00010000F001 /* UserNotifications.framework in Frameworks */ = {isa = PBXBuildFile; fileRef = A1B2C3D42F5A00010000F002 /* UserNotifications.framework */; };
		A1B2C3D42F5A00010000F003 /* VideoToolbox.framework in Frameworks */ = {isa = PBXBuildFile; fileRef = A1B2C3D42F5A00010000F004 /* VideoToolbox.framework */; };
		9B84707B2F0E1F44001E143F /* xrdp in CopyFiles */ = {isa = PBXBuildFile; fileRef = 9B8470792F0E1F13001E143F /* xrdp */; settings = {ATTRIBUTES = (CodeSignOnCopy, ); }; };
/* End PBXBuildFile section */

/* Begin PBXCopyFilesBuildPhase section */
		9B84707A2F0E1F35001E143F /* CopyFiles */ = {
			isa = PBXCopyFilesBuildPhase;
			buildActionMask = 2147483647;
			dstPath = "";
			dstSubfolderSpec = 6;
			files = (
				39738CFB2F10BFB6004D50EF /* xrdp-keygen in CopyFiles */,
				9B84707B2F0E1F44001E143F /* xrdp in CopyFiles */,
			);
			runOnlyForDeploymentPostprocessing = 0;
		};
/* End PBXCopyFilesBuildPhase section */

/* Begin PBXFileReference section */
		39464B5E2F43317700466D8B /* Carbon.framework */ = {isa = PBXFileReference; lastKnownFileType = wrapper.framework; name = Carbon.framework; path = System/Library/Frameworks/Carbon.framework; sourceTree = SDKROOT; };
		39738CFA2F10BFAC004D50EF /* xrdp-keygen */ = {isa = PBXFileReference; lastKnownFileType = "compiled.mach-o.executable"; path = "xrdp-keygen"; sourceTree = "<group>"; };
		9B4A9E6F2ED5955E00260492 /* OSXRDP.app */ = {isa = PBXFileReference; explicitFileType = wrapper.application; includeInIndex = 0; path = OSXRDP.app; sourceTree = BUILT_PRODUCTS_DIR; };
		9B4A9EA42ED5968900260492 /* libScreenMirrorLib.a */ = {isa = PBXFileReference; explicitFileType = archive.ar; path = libScreenMirrorLib.a; sourceTree = BUILT_PRODUCTS_DIR; };
		9B6302012F0D01BE00451117 /* ServiceManagement.framework */ = {isa = PBXFileReference; lastKnownFileType = wrapper.framework; name = ServiceManagement.framework; path = System/Library/Frameworks/ServiceManagement.framework; sourceTree = SDKROOT; };
		A1B2C3D42F5A00010000F002 /* UserNotifications.framework */ = {isa = PBXFileReference; lastKnownFileType = wrapper.framework; name = UserNotifications.framework; path = System/Library/Frameworks/UserNotifications.framework; sourceTree = SDKROOT; };
		A1B2C3D42F5A00010000F004 /* VideoToolbox.framework */ = {isa = PBXFileReference; lastKnownFileType = wrapper.framework; name = VideoToolbox.framework; path = System/Library/Frameworks/VideoToolbox.framework; sourceTree = SDKROOT; };
		9B8470752F0DECB4001E143F /* Accelerate.framework */ = {isa = PBXFileReference; lastKnownFileType = wrapper.framework; name = Accelerate.framework; path = System/Library/Frameworks/Accelerate.framework; sourceTree = SDKROOT; };
		9B8470792F0E1F13001E143F /* xrdp */ = {isa = PBXFileReference; lastKnownFileType = "compiled.mach-o.executable"; path = xrdp; sourceTree = "<group>"; };
/* End PBXFileReference section */

/* Begin PBXFileSystemSynchronizedRootGroup section */
		9B4A9E712ED5955E00260492 /* OSXRDP */ = {
			isa = PBXFileSystemSynchronizedRootGroup;
			path = OSXRDP;
			sourceTree = "<group>";
		};
/* End PBXFileSystemSynchronizedRootGroup section */

/* Begin PBXFrameworksBuildPhase section */
		9B4A9E6C2ED5955E00260492 /* Frameworks */ = {
			isa = PBXFrameworksBuildPhase;
			buildActionMask = 2147483647;
			files = (
				9B4A9EA52ED5968900260492 /* libScreenMirrorLib.a in Frameworks */,
				395849CF2F471FFA005CC60C /* Accelerate.framework in Frameworks */,
				39464B5F2F43317700466D8B /* Carbon.framework in Frameworks */,
				9B6302022F0D01BE00451117 /* ServiceManagement.framework in Frameworks */,
				A1B2C3D42F5A00010000F001 /* UserNotifications.framework in Frameworks */,
				A1B2C3D42F5A00010000F003 /* VideoToolbox.framework in Frameworks */,
			);
			runOnlyForDeploymentPostprocessing = 0;
		};
/* End PBXFrameworksBuildPhase section */

/* Begin PBXGroup section */
		9B4A9E662ED5955E00260492 = {
			isa = PBXGroup;
			children = (
				9B4A9E712ED5955E00260492 /* OSXRDP */,
				9B4A9EA32ED5968900260492 /* Frameworks */,
				9B4A9E702ED5955E00260492 /* Products */,
				9B8470792F0E1F13001E143F /* xrdp */,
				39738CFA2F10BFAC004D50EF /* xrdp-keygen */,
			);
			sourceTree = "<group>";
		};
		9B4A9E702ED5955E00260492 /* Products */ = {
			isa = PBXGroup;
			children = (
				9B4A9E6F2ED5955E00260492 /* OSXRDP.app */,
			);
			name = Products;
			sourceTree = "<group>";
		};
		9B4A9EA32ED5968900260492 /* Frameworks */ = {
			isa = PBXGroup;
			children = (
				39464B5E2F43317700466D8B /* Carbon.framework */,
				9B8470752F0DECB4001E143F /* Accelerate.framework */,
				9B6302012F0D01BE00451117 /* ServiceManagement.framework */,
				A1B2C3D42F5A00010000F002 /* UserNotifications.framework */,
				A1B2C3D42F5A00010000F004 /* VideoToolbox.framework */,
				9B4A9EA42ED5968900260492 /* libScreenMirrorLib.a */,
			);
			name = Frameworks;
			sourceTree = "<group>";
		};
/* End PBXGroup section */

/* Begin PBXNativeTarget section */
		9B4A9E6E2ED5955E00260492 /* OSXRDP */ = {
			isa = PBXNativeTarget;
			buildConfigurationList = 9B4A9E7E2ED5955E00260492 /* Build configuration list for PBXNativeTarget "OSXRDP" */;
			buildPhases = (
				9B4A9E6B2ED5955E00260492 /* Sources */,
				9B4A9E6C2ED5955E00260492 /* Frameworks */,
				9B4A9E6D2ED5955E00260492 /* Resources */,
				9B84707A2F0E1F35001E143F /* CopyFiles */,
				395BE9B82F262BB9009DFB30 /* ShellScript */,
			);
			buildRules = (
			);
			dependencies = (
			);
			fileSystemSynchronizedGroups = (
				9B4A9E712ED5955E00260492 /* OSXRDP */,
			);
			name = OSXRDP;
			packageProductDependencies = (
			);
			productName = ServerApp;
			productReference = 9B4A9E6F2ED5955E00260492 /* OSXRDP.app */;
			productType = "com.apple.product-type.application";
		};
/* End PBXNativeTarget section */

/* Begin PBXProject section */
		9B4A9E672ED5955E00260492 /* Project object */ = {
			isa = PBXProject;
			attributes = {
				BuildIndependentTargetsInParallel = 1;
				LastUpgradeCheck = 2610;
				TargetAttributes = {
					9B4A9E6E2ED5955E00260492 = {
						CreatedOnToolsVersion = 26.1.1;
					};
				};
			};
			buildConfigurationList = 9B4A9E6A2ED5955E00260492 /* Build configuration list for PBXProject "OSXRDP" */;
			developmentRegion = en;
			hasScannedForEncodings = 0;
			knownRegions = (
				en,
				Base,
			);
			mainGroup = 9B4A9E662ED5955E00260492;
			minimizedProjectReferenceProxies = 1;
			preferredProjectObjectVersion = 77;
			productRefGroup = 9B4A9E702ED5955E00260492 /* Products */;
			projectDirPath = "";
			projectRoot = "";
			targets = (
				9B4A9E6E2ED5955E00260492 /* OSXRDP */,
			);
		};
/* End PBXProject section */

/* Begin PBXResourcesBuildPhase section */
		9B4A9E6D2ED5955E00260492 /* Resources */ = {
			isa = PBXResourcesBuildPhase;
			buildActionMask = 2147483647;
			files = (
			);
			runOnlyForDeploymentPostprocessing = 0;
		};
/* End PBXResourcesBuildPhase section */

/* Begin PBXShellScriptBuildPhase section */
		395BE9B82F262BB9009DFB30 /* ShellScript */ = {
			isa = PBXShellScriptBuildPhase;
			buildActionMask = 2147483647;
			files = (
			);
			inputFileListPaths = (
			);
			inputPaths = (
			);
			outputFileListPaths = (
			);
			outputPaths = (
			);
			runOnlyForDeploymentPostprocessing = 0;
			shellPath = /bin/sh;
			shellScript = "\nTOOL_NAME=\"osxrdp_sessionmanager\"\n\nSOURCE_PATH=\"${BUILT_PRODUCTS_DIR}/${TOOL_NAME}\"\n\nDEST_PATH=\"${CODESIGNING_FOLDER_PATH}/Contents/MacOS/\"\n\nmkdir -p \"$DEST_PATH\"\n\necho \"Copying $TOOL_NAME to app bundle...\"\ncp -fv \"$SOURCE_PATH\" \"$DEST_PATH\"\n\nchmod +x \"${DEST_PATH}/${TOOL_NAME}\"\n";
		};
/* End PBXShellScriptBuildPhase section */

/* Begin PBXSourcesBuildPhase section */
		9B4A9E6B2ED5955E00260492 /* Sources */ = {
			isa = PBXSourcesBuildPhase;
			buildActionMask = 2147483647;
			files = (
			);
			runOnlyForDeploymentPostprocessing = 0;
		};
/* End PBXSourcesBuildPhase section */

/* Begin XCBuildConfiguration section */
		9B4A9E7C2ED5955E00260492 /* Debug */ = {
			isa = XCBuildConfiguration;
			buildSettings = {
				ALWAYS_SEARCH_USER_PATHS = NO;
				ASSETCATALOG_COMPILER_GENERATE_SWIFT_ASSET_SYMBOL_EXTENSIONS = YES;
				CLANG_ANALYZER_NONNULL = YES;
				CLANG_ANALYZER_NUMBER_OBJECT_CONVERSION = YES_AGGRESSIVE;
				CLANG_CXX_LANGUAGE_STANDARD = "gnu++20";
				CLANG_ENABLE_MODULES = YES;
				CLANG_ENABLE_OBJC_ARC = YES;
				CLANG_ENABLE_OBJC_WEAK = YES;
				CLANG_WARN_BLOCK_CAPTURE_AUTORELEASING = YES;
				CLANG_WARN_BOOL_CONVERSION = YES;
				CLANG_WARN_COMMA = YES;
				CLANG_WARN_CONSTANT_CONVERSION = YES;
				CLANG_WARN_DEPRECATED_OBJC_IMPLEMENTATIONS = YES;
				CLANG_WARN_DIRECT_OBJC_ISA_USAGE = YES_ERROR;
				CLANG_WARN_DOCUMENTATION_COMMENTS = YES;
				CLANG_WARN_EMPTY_BODY = YES;
				CLANG_WARN_ENUM_CONVERSION = YES;
				CLANG_WARN_INFINITE_RECURSION = YES;
				CLANG_WARN_INT_CONVERSION = YES;
				CLANG_WARN_NON_LITERAL_NULL_CONVERSION = YES;
				CLANG_WARN_OBJC_IMPLICIT_RETAIN_SELF = YES;
				CLANG_WARN_OBJC_LITERAL_CONVERSION = YES;
				CLANG_WARN_OBJC_ROOT_CLASS = YES_ERROR;
				CLANG_WARN_QUOTED_INCLUDE_IN_FRAMEWORK_HEADER = YES;
				CLANG_WARN_RANGE_LOOP_ANALYSIS = YES;
				CLANG_WARN_STRICT_PROTOTYPES = YES;
				CLANG_WARN_SUSPICIOUS_MOVE = YES;
				CLANG_WARN_UNGUARDED_AVAILABILITY = YES_AGGRESSIVE;
				CLANG_WARN_UNREACHABLE_CODE = YES;
				CLANG_WARN__DUPLICATE_METHOD_MATCH = YES;
				COPY_PHASE_STRIP = NO;
				DEBUG_INFORMATION_FORMAT = dwarf;
				ENABLE_STRICT_OBJC_MSGSEND = YES;
				ENABLE_TESTABILITY = YES;
				ENABLE_USER_SCRIPT_SANDBOXING = YES;
				GCC_C_LANGUAGE_STANDARD = gnu17;
				GCC_DYNAMIC_NO_PIC = NO;
				GCC_NO_COMMON_BLOCKS = YES;
				GCC_OPTIMIZATION_LEVEL = 0;
				GCC_PREPROCESSOR_DEFINITIONS = (
					"DEBUG=1",
					"$(inherited)",
				);
				GCC_WARN_64_TO_32_BIT_CONVERSION = YES;
				GCC_WARN_ABOUT_RETURN_TYPE = YES_ERROR;
				GCC_WARN_UNDECLARED_SELECTOR = YES;
				GCC_WARN_UNINITIALIZED_AUTOS = YES_AGGRESSIVE;
				GCC_WARN_UNUSED_FUNCTION = YES;
				GCC_WARN_UNUSED_VARIABLE = YES;
				LOCALIZATION_PREFERS_STRING_CATALOGS = YES;
				MACOSX_DEPLOYMENT_TARGET = 26.1;
				MTL_ENABLE_DEBUG_INFO = INCLUDE_SOURCE;
				MTL_FAST_MATH = YES;
				ONLY_ACTIVE_ARCH = YES;
				SDKROOT = macosx;
			};
			name = Debug;
		};
		9B4A9E7D2ED5955E00260492 /* Release */ = {
			isa = XCBuildConfiguration;
			buildSettings = {
				ALWAYS_SEARCH_USER_PATHS = NO;
				ASSETCATALOG_COMPILER_GENERATE_SWIFT_ASSET_SYMBOL_EXTENSIONS = YES;
				CLANG_ANALYZER_NONNULL = YES;
				CLANG_ANALYZER_NUMBER_OBJECT_CONVERSION = YES_AGGRESSIVE;
				CLANG_CXX_LANGUAGE_STANDARD = "gnu++20";
				CLANG_ENABLE_MODULES = YES;
				CLANG_ENABLE_OBJC_ARC = YES;
				CLANG_ENABLE_OBJC_WEAK = YES;
				CLANG_WARN_BLOCK_CAPTURE_AUTORELEASING = YES;
				CLANG_WARN_BOOL_CONVERSION = YES;
				CLANG_WARN_COMMA = YES;
				CLANG_WARN_CONSTANT_CONVERSION = YES;
				CLANG_WARN_DEPRECATED_OBJC_IMPLEMENTATIONS = YES;
				CLANG_WARN_DIRECT_OBJC_ISA_USAGE = YES_ERROR;
				CLANG_WARN_DOCUMENTATION_COMMENTS = YES;
				CLANG_WARN_EMPTY_BODY = YES;
				CLANG_WARN_ENUM_CONVERSION = YES;
				CLANG_WARN_INFINITE_RECURSION = YES;
				CLANG_WARN_INT_CONVERSION = YES;
				CLANG_WARN_NON_LITERAL_NULL_CONVERSION = YES;
				CLANG_WARN_OBJC_IMPLICIT_RETAIN_SELF = YES;
				CLANG_WARN_OBJC_LITERAL_CONVERSION = YES;
				CLANG_WARN_OBJC_ROOT_CLASS = YES_ERROR;
				CLANG_WARN_QUOTED_INCLUDE_IN_FRAMEWORK_HEADER = YES;
				CLANG_WARN_RANGE_LOOP_ANALYSIS = YES;
				CLANG_WARN_STRICT_PROTOTYPES = YES;
				CLANG_WARN_SUSPICIOUS_MOVE = YES;
				CLANG_WARN_UNGUARDED_AVAILABILITY = YES_AGGRESSIVE;
				CLANG_WARN_UNREACHABLE_CODE = YES;
				CLANG_WARN__DUPLICATE_METHOD_MATCH = YES;
				COPY_PHASE_STRIP = NO;
				DEBUG_INFORMATION_FORMAT = "dwarf-with-dsym";
				ENABLE_NS_ASSERTIONS = NO;
				ENABLE_STRICT_OBJC_MSGSEND = YES;
				ENABLE_USER_SCRIPT_SANDBOXING = YES;
				GCC_C_LANGUAGE_STANDARD = gnu17;
				GCC_NO_COMMON_BLOCKS = YES;
				GCC_WARN_64_TO_32_BIT_CONVERSION = YES;
				GCC_WARN_ABOUT_RETURN_TYPE = YES_ERROR;
				GCC_WARN_UNDECLARED_SELECTOR = YES;
				GCC_WARN_UNINITIALIZED_AUTOS = YES_AGGRESSIVE;
				GCC_WARN_UNUSED_FUNCTION = YES;
				GCC_WARN_UNUSED_VARIABLE = YES;
				LOCALIZATION_PREFERS_STRING_CATALOGS = YES;
				MACOSX_DEPLOYMENT_TARGET = 26.1;
				MTL_ENABLE_DEBUG_INFO = NO;
				MTL_FAST_MATH = YES;
				SDKROOT = macosx;
			};
			name = Release;
		};
		9B4A9E7F2ED5955E00260492 /* Debug */ = {
			isa = XCBuildConfiguration;
			buildSettings = {
				ASSETCATALOG_COMPILER_APPICON_NAME = AppIcon;
				ASSETCATALOG_COMPILER_GLOBAL_ACCENT_COLOR_NAME = AccentColor;
				CODE_SIGN_IDENTITY = "Apple Development";
				"CODE_SIGN_IDENTITY[sdk=macosx*]" = "Apple Development";
				CODE_SIGN_STYLE = Automatic;
				COMBINE_HIDPI_IMAGES = YES;
				CURRENT_PROJECT_VERSION = 52;
				DEVELOPMENT_TEAM = 33X7M69J4B;
				ENABLE_APP_SANDBOX = NO;
				ENABLE_USER_SCRIPT_SANDBOXING = NO;
				GENERATE_INFOPLIST_FILE = YES;
				INFOPLIST_KEY_CFBundleDisplayName = OSXRDP;
				INFOPLIST_KEY_NSHumanReadableCopyright = "";
				INFOPLIST_KEY_NSMainNibFile = MainMenu;
				INFOPLIST_KEY_NSPrincipalClass = NSApplication;
				LD_RUNPATH_SEARCH_PATHS = (
					"$(inherited)",
					"@executable_path/../Frameworks",
				);
				MACOSX_DEPLOYMENT_TARGET = 12.4;
				MARKETING_VERSION = 3.2.1;
				OTHER_LDFLAGS = (
					"$(inherited)",
					"-framework",
					Security,
					"-sectcreate",
					__CGPreLoginApp,
					__cgpreloginapp,
					/dev/null,
				);
				PRODUCT_BUNDLE_IDENTIFIER = com.byungho.osxrdp.mainapp;
				PRODUCT_NAME = "$(TARGET_NAME)";
				PROVISIONING_PROFILE_SPECIFIER = "";
				REGISTER_APP_GROUPS = YES;
				STRING_CATALOG_GENERATE_SYMBOLS = YES;
				SWIFT_EMIT_LOC_STRINGS = YES;
				USER_HEADER_SEARCH_PATHS = "$(SRCROOT)/../ScreenMirrorLib";
			};
			name = Debug;
		};
		9B4A9E802ED5955E00260492 /* Release */ = {
			isa = XCBuildConfiguration;
			buildSettings = {
				ASSETCATALOG_COMPILER_APPICON_NAME = AppIcon;
				ASSETCATALOG_COMPILER_GLOBAL_ACCENT_COLOR_NAME = AccentColor;
				AUTOMATION_APPLE_EVENTS = NO;
				CODE_SIGN_IDENTITY = "Apple Development";
				"CODE_SIGN_IDENTITY[sdk=macosx*]" = "Apple Development";
				CODE_SIGN_STYLE = Automatic;
				COMBINE_HIDPI_IMAGES = YES;
				CURRENT_PROJECT_VERSION = 52;
				DEVELOPMENT_TEAM = 33X7M69J4B;
				ENABLE_APP_SANDBOX = NO;
				ENABLE_HARDENED_RUNTIME = YES;
				ENABLE_RESOURCE_ACCESS_AUDIO_INPUT = NO;
				ENABLE_RESOURCE_ACCESS_CALENDARS = NO;
				ENABLE_RESOURCE_ACCESS_CAMERA = NO;
				ENABLE_RESOURCE_ACCESS_CONTACTS = NO;
				ENABLE_RESOURCE_ACCESS_LOCATION = NO;
				ENABLE_RESOURCE_ACCESS_PHOTO_LIBRARY = NO;
				ENABLE_USER_SCRIPT_SANDBOXING = NO;
				GENERATE_INFOPLIST_FILE = YES;
				INFOPLIST_KEY_CFBundleDisplayName = OSXRDP;
				INFOPLIST_KEY_NSHumanReadableCopyright = "";
				INFOPLIST_KEY_NSMainNibFile = MainMenu;
				INFOPLIST_KEY_NSPrincipalClass = NSApplication;
				LD_RUNPATH_SEARCH_PATHS = (
					"$(inherited)",
					"@executable_path/../Frameworks",
				);
				MACOSX_DEPLOYMENT_TARGET = 12.4;
				MARKETING_VERSION = 3.2.1;
				OTHER_LDFLAGS = (
					"$(inherited)",
					"-framework",
					Security,
					"-sectcreate",
					__CGPreLoginApp,
					__cgpreloginapp,
					/dev/null,
				);
				PRODUCT_BUNDLE_IDENTIFIER = com.byungho.osxrdp.mainapp;
				PRODUCT_NAME = "$(TARGET_NAME)";
				PROVISIONING_PROFILE_SPECIFIER = "";
				REGISTER_APP_GROUPS = YES;
				RUNTIME_EXCEPTION_ALLOW_DYLD_ENVIRONMENT_VARIABLES = NO;
				RUNTIME_EXCEPTION_ALLOW_JIT = NO;
				RUNTIME_EXCEPTION_ALLOW_UNSIGNED_EXECUTABLE_MEMORY = NO;
				RUNTIME_EXCEPTION_DEBUGGING_TOOL = NO;
				RUNTIME_EXCEPTION_DISABLE_EXECUTABLE_PAGE_PROTECTION = NO;
				RUNTIME_EXCEPTION_DISABLE_LIBRARY_VALIDATION = NO;
				STRING_CATALOG_GENERATE_SYMBOLS = YES;
				SWIFT_EMIT_LOC_STRINGS = YES;
				USER_HEADER_SEARCH_PATHS = "$(SRCROOT)/../ScreenMirrorLib";
			};
			name = Release;
		};
/* End XCBuildConfiguration section */

/* Begin XCConfigurationList section */
		9B4A9E6A2ED5955E00260492 /* Build configuration list for PBXProject "OSXRDP" */ = {
			isa = XCConfigurationList;
			buildConfigurations = (
				9B4A9E7C2ED5955E00260492 /* Debug */,
				9B4A9E7D2ED5955E00260492 /* Release */,
			);
			defaultConfigurationIsVisible = 0;
			defaultConfigurationName = Release;
		};
		9B4A9E7E2ED5955E00260492 /* Build configuration list for PBXNativeTarget "OSXRDP" */ = {
			isa = XCConfigurationList;
			buildConfigurations = (
				9B4A9E7F2ED5955E00260492 /* Debug */,
				9B4A9E802ED5955E00260492 /* Release */,
			);
			defaultConfigurationIsVisible = 0;
			defaultConfigurationName = Release;
		};
/* End XCConfigurationList section */
	};
	rootObject = 9B4A9E672ED5955E00260492 /* Project object */;
}
